<?xml version="1.0"?>
<CONFIG>
  <ProjectOptions>
    <Version Value="9"/>
    <General>
      <MainUnit Value="0"/>
      <Title Value="bewerbungen"/>
      <ResourceType Value="res"/>
      <UseXPManifest Value="True"/>
      <Icon Value="0"/>
      <ActiveWindowIndexAtStart Value="0"/>
    </General>
    <i18n>
      <EnableI18N Value="True"/>
      <OutDir Value="po"/>
    </i18n>
    <VersionInfo>
      <UseVersionInfo Value="True"/>
      <AutoIncrementBuild Value="True"/>
      <MinorVersionNr Value="8"/>
      <BuildNr Value="59"/>
      <Language Value="0407"/>
      <StringTable CompanyName="Heiko Adams" FileDescription="Verwaltung für Bewerbungen" InternalName="bewerbungen" LegalCopyright="2011 Heiko Adams" OriginalFilename="bewerbungen" ProductName="Bewerbungsverwaltung" ProductVersion="0.8"/>
    </VersionInfo>
    <BuildModes Count="1" Active="Default">
      <Item1 Name="Default" Default="True"/>
    </BuildModes>
    <PublishOptions>
      <Version Value="2"/>
      <IncludeFileFilter Value="*.(pas|pp|inc|lfm|lpr|lrs|lpi|lpk|sh|xml)"/>
      <ExcludeFileFilter Value="*.(bak|ppu|o|so);*~;backup"/>
    </PublishOptions>
    <RunParams>
      <local>
        <FormatVersion Value="1"/>
        <CommandLineParams Value="--resetlog"/>
      </local>
    </RunParams>
    <RequiredPackages Count="3">
      <Item1>
        <PackageName Value="SQLDBLaz"/>
        <MinVersion Major="1" Release="1" Valid="True"/>
      </Item1>
      <Item2>
        <PackageName Value="FCL"/>
        <MinVersion Major="1" Valid="True"/>
      </Item2>
      <Item3>
        <PackageName Value="LCL"/>
      </Item3>
    </RequiredPackages>
    <Units Count="34">
      <Unit0>
        <Filename Value="bewerbungen.lpr"/>
        <IsPartOfProject Value="True"/>
        <UnitName Value="bewerbungen"/>
        <WindowIndex Value="0"/>
        <TopLine Value="1"/>
        <CursorPos X="54" Y="10"/>
        <UsageCount Value="66"/>
      </Unit0>
      <Unit1>
        <Filename Value="mainwin.pas"/>
        <IsPartOfProject Value="True"/>
        <ComponentName Value="frmMain"/>
        <ResourceBaseClass Value="Form"/>
        <UnitName Value="mainwin"/>
        <EditorIndex Value="0"/>
        <WindowIndex Value="0"/>
        <TopLine Value="495"/>
        <CursorPos X="41" Y="501"/>
        <UsageCount Value="66"/>
        <Loaded Value="True"/>
      </Unit1>
      <Unit2>
        <Filename Value="/usr/lib/lazarus/lcl/forms.pp"/>
        <UnitName Value="Forms"/>
        <WindowIndex Value="0"/>
        <TopLine Value="1310"/>
        <CursorPos X="14" Y="1321"/>
        <UsageCount Value="10"/>
      </Unit2>
      <Unit3>
        <Filename Value="/usr/lib/lazarus/lcl/include/control.inc"/>
        <WindowIndex Value="0"/>
        <TopLine Value="2276"/>
        <CursorPos X="1" Y="2288"/>
        <UsageCount Value="10"/>
      </Unit3>
      <Unit4>
        <Filename Value="/usr/lib/lazarus/lcl/include/customform.inc"/>
        <WindowIndex Value="0"/>
        <TopLine Value="866"/>
        <CursorPos X="1" Y="877"/>
        <UsageCount Value="10"/>
      </Unit4>
      <Unit5>
        <Filename Value="/usr/lib/lazarus/components/tdbf/registerdbf.pas"/>
        <UnitName Value="RegisterDBF"/>
        <WindowIndex Value="0"/>
        <TopLine Value="51"/>
        <CursorPos X="1" Y="74"/>
        <UsageCount Value="10"/>
      </Unit5>
      <Unit6>
        <Filename Value="/usr/lib/lazarus/lcl/lresources.pp"/>
        <UnitName Value="LResources"/>
        <WindowIndex Value="0"/>
        <TopLine Value="3060"/>
        <CursorPos X="1" Y="3072"/>
        <UsageCount Value="10"/>
      </Unit6>
      <Unit7>
        <Filename Value="/usr/lib/lazarus/components/tdbf/dbflaz.pas"/>
        <UnitName Value="DBFLaz"/>
        <WindowIndex Value="0"/>
        <TopLine Value="1"/>
        <CursorPos X="1" Y="21"/>
        <UsageCount Value="10"/>
      </Unit7>
      <Unit8>
        <Filename Value="/usr/lib/lazarus/components/sqldb/sqlstringspropertyeditordlg.pas"/>
        <ComponentName Value="SQLStringsPropertyEditorDlg"/>
        <HasResources Value="True"/>
        <ResourceBaseClass Value="Form"/>
        <UnitName Value="SQLStringsPropertyEditorDlg"/>
        <WindowIndex Value="0"/>
        <TopLine Value="268"/>
        <CursorPos X="1" Y="290"/>
        <UsageCount Value="10"/>
      </Unit8>
      <Unit9>
        <Filename Value="/usr/share/fpcsrc/packages/fcl-db/src/base/db.pas"/>
        <UnitName Value="db"/>
        <WindowIndex Value="0"/>
        <TopLine Value="1933"/>
        <CursorPos X="3" Y="1945"/>
        <UsageCount Value="10"/>
      </Unit9>
      <Unit10>
        <Filename Value="/usr/share/fpcsrc/rtl/objpas/sysutils/sysstrh.inc"/>
        <WindowIndex Value="0"/>
        <TopLine Value="120"/>
        <CursorPos X="10" Y="131"/>
        <UsageCount Value="10"/>
      </Unit10>
      <Unit11>
        <Filename Value="/usr/lib/lazarus/lcl/graphics.pp"/>
        <UnitName Value="Graphics"/>
        <WindowIndex Value="0"/>
        <TopLine Value="347"/>
        <CursorPos X="12" Y="262"/>
        <UsageCount Value="10"/>
      </Unit11>
      <Unit12>
        <Filename Value="/usr/share/fpcsrc/rtl/objpas/sysutils/datih.inc"/>
        <WindowIndex Value="0"/>
        <TopLine Value="112"/>
        <CursorPos X="10" Y="124"/>
        <UsageCount Value="10"/>
      </Unit12>
      <Unit13>
        <Filename Value="/usr/lib/lazarus/lcl/include/containedaction.inc"/>
        <WindowIndex Value="0"/>
        <TopLine Value="92"/>
        <CursorPos X="1" Y="104"/>
        <UsageCount Value="10"/>
      </Unit13>
      <Unit14>
        <Filename Value="/usr/lib/lazarus/lcl/include/dbcustomnavigator.inc"/>
        <WindowIndex Value="0"/>
        <TopLine Value="374"/>
        <CursorPos X="1" Y="386"/>
        <UsageCount Value="10"/>
      </Unit14>
      <Unit15>
        <Filename Value="/usr/lib/lazarus/components/codetools/codetoolsstrconsts.pas"/>
        <UnitName Value="CodeToolsStrConsts"/>
        <WindowIndex Value="0"/>
        <TopLine Value="273"/>
        <CursorPos X="1" Y="296"/>
        <UsageCount Value="10"/>
      </Unit15>
      <Unit16>
        <Filename Value="/usr/lib/lazarus/lcl/dbctrls.pp"/>
        <UnitName Value="DbCtrls"/>
        <WindowIndex Value="0"/>
        <TopLine Value="1178"/>
        <CursorPos X="45" Y="1190"/>
        <UsageCount Value="10"/>
      </Unit16>
      <Unit17>
        <Filename Value="/usr/share/fpcsrc/packages/fcl-db/src/sqldb/sqldb.pp"/>
        <UnitName Value="sqldb"/>
        <WindowIndex Value="0"/>
        <TopLine Value="65"/>
        <CursorPos X="1" Y="1"/>
        <UsageCount Value="10"/>
      </Unit17>
      <Unit18>
        <Filename Value="/usr/share/fpcsrc/packages/fcl-db/src/base/bufdataset.pas"/>
        <UnitName Value="BufDataset"/>
        <WindowIndex Value="0"/>
        <TopLine Value="1927"/>
        <CursorPos X="41" Y="1907"/>
        <UsageCount Value="10"/>
      </Unit18>
      <Unit19>
        <Filename Value="data.pas"/>
        <IsPartOfProject Value="True"/>
        <ComponentName Value="dmBewerbungen"/>
        <ResourceBaseClass Value="DataModule"/>
        <UnitName Value="Data"/>
        <IsVisibleTab Value="True"/>
        <EditorIndex Value="3"/>
        <WindowIndex Value="0"/>
        <TopLine Value="244"/>
        <CursorPos X="73" Y="261"/>
        <UsageCount Value="37"/>
        <Loaded Value="True"/>
      </Unit19>
      <Unit20>
        <Filename Value="mainwin.lfm"/>
        <WindowIndex Value="0"/>
        <TopLine Value="107"/>
        <CursorPos X="24" Y="127"/>
        <UsageCount Value="10"/>
        <DefaultSyntaxHighlighter Value="LFM"/>
      </Unit20>
      <Unit21>
        <Filename Value="/usr/lib/lazarus/components/sqldb/sqldblaz.pas"/>
        <UnitName Value="SQLDBLaz"/>
        <WindowIndex Value="0"/>
        <TopLine Value="1"/>
        <CursorPos X="1" Y="21"/>
        <UsageCount Value="10"/>
      </Unit21>
      <Unit22>
        <Filename Value="/usr/lib/lazarus/lcl/grids.pas"/>
        <UnitName Value="Grids"/>
        <WindowIndex Value="0"/>
        <TopLine Value="3036"/>
        <CursorPos X="1" Y="3048"/>
        <UsageCount Value="10"/>
      </Unit22>
      <Unit23>
        <Filename Value="/usr/share/fpcsrc/rtl/objpas/sysutils/osutilsh.inc"/>
        <WindowIndex Value="0"/>
        <TopLine Value="27"/>
        <CursorPos X="26" Y="40"/>
        <UsageCount Value="10"/>
      </Unit23>
      <Unit24>
        <Filename Value="/usr/share/fpcsrc/packages/fcl-base/src/inifiles.pp"/>
        <UnitName Value="IniFiles"/>
        <WindowIndex Value="0"/>
        <TopLine Value="121"/>
        <CursorPos X="14" Y="133"/>
        <UsageCount Value="10"/>
      </Unit24>
      <Unit25>
        <Filename Value="bewerbung_strings.pas"/>
        <IsPartOfProject Value="True"/>
        <UnitName Value="bewerbung_strings"/>
        <EditorIndex Value="2"/>
        <WindowIndex Value="0"/>
        <TopLine Value="27"/>
        <CursorPos X="21" Y="48"/>
        <UsageCount Value="34"/>
        <Loaded Value="True"/>
      </Unit25>
      <Unit26>
        <Filename Value="/usr/lib/lazarus/lcl/shellctrls.pas"/>
        <UnitName Value="ShellCtrls"/>
        <WindowIndex Value="0"/>
        <TopLine Value="41"/>
        <CursorPos X="1" Y="1"/>
        <UsageCount Value="10"/>
      </Unit26>
      <Unit27>
        <Filename Value="/usr/share/fpcsrc/rtl/objpas/classes/classesh.inc"/>
        <WindowIndex Value="0"/>
        <TopLine Value="619"/>
        <CursorPos X="3" Y="550"/>
        <UsageCount Value="10"/>
      </Unit27>
      <Unit28>
        <Filename Value="/usr/share/fpcsrc/packages/fcl-db/src/base/dbconst.pas"/>
        <UnitName Value="dbconst"/>
        <WindowIndex Value="0"/>
        <TopLine Value="50"/>
        <CursorPos X="3" Y="103"/>
        <UsageCount Value="10"/>
      </Unit28>
      <Unit29>
        <Filename Value="/usr/share/fpcsrc/packages/fcl-db/src/sqldb/sqlite/sqlite3conn.pp"/>
        <UnitName Value="sqlite3conn"/>
        <WindowIndex Value="0"/>
        <TopLine Value="647"/>
        <CursorPos X="28" Y="666"/>
        <UsageCount Value="10"/>
      </Unit29>
      <Unit30>
        <Filename Value="/usr/lib/lazarus/lcl/include/customaction.inc"/>
        <WindowIndex Value="0"/>
        <TopLine Value="239"/>
        <CursorPos X="1" Y="252"/>
        <UsageCount Value="10"/>
      </Unit30>
      <Unit31>
        <Filename Value="/usr/share/fpcsrc/rtl/inc/varianth.inc"/>
        <WindowIndex Value="0"/>
        <TopLine Value="484"/>
        <CursorPos X="10" Y="503"/>
        <UsageCount Value="10"/>
      </Unit31>
      <Unit32>
        <Filename Value="/usr/lib/lazarus/lcl/include/finddialog.inc"/>
        <WindowIndex Value="0"/>
        <TopLine Value="141"/>
        <CursorPos X="1" Y="153"/>
        <UsageCount Value="10"/>
      </Unit32>
      <Unit33>
        <Filename Value="exportdate.pas"/>
        <IsPartOfProject Value="True"/>
        <ComponentName Value="frmExportDate"/>
        <ResourceBaseClass Value="Form"/>
        <UnitName Value="exportdate"/>
        <EditorIndex Value="1"/>
        <WindowIndex Value="0"/>
        <TopLine Value="43"/>
        <CursorPos X="38" Y="56"/>
        <UsageCount Value="22"/>
        <Loaded Value="True"/>
      </Unit33>
    </Units>
    <JumpHistory Count="29" HistoryIndex="28">
      <Position1>
        <Filename Value="mainwin.pas"/>
        <Caret Line="367" Column="1" TopLine="353"/>
      </Position1>
      <Position2>
        <Filename Value="mainwin.pas"/>
        <Caret Line="370" Column="1" TopLine="354"/>
      </Position2>
      <Position3>
        <Filename Value="mainwin.pas"/>
        <Caret Line="363" Column="1" TopLine="363"/>
      </Position3>
      <Position4>
        <Filename Value="mainwin.pas"/>
        <Caret Line="364" Column="1" TopLine="364"/>
      </Position4>
      <Position5>
        <Filename Value="mainwin.pas"/>
        <Caret Line="366" Column="1" TopLine="366"/>
      </Position5>
      <Position6>
        <Filename Value="exportdate.pas"/>
        <Caret Line="35" Column="20" TopLine="22"/>
      </Position6>
      <Position7>
        <Filename Value="mainwin.pas"/>
        <Caret Line="178" Column="13" TopLine="162"/>
      </Position7>
      <Position8>
        <Filename Value="mainwin.pas"/>
        <Caret Line="421" Column="57" TopLine="410"/>
      </Position8>
      <Position9>
        <Filename Value="mainwin.pas"/>
        <Caret Line="435" Column="53" TopLine="423"/>
      </Position9>
      <Position10>
        <Filename Value="mainwin.pas"/>
        <Caret Line="434" Column="72" TopLine="423"/>
      </Position10>
      <Position11>
        <Filename Value="mainwin.pas"/>
        <Caret Line="435" Column="32" TopLine="424"/>
      </Position11>
      <Position12>
        <Filename Value="data.pas"/>
        <Caret Line="122" Column="16" TopLine="111"/>
      </Position12>
      <Position13>
        <Filename Value="data.pas"/>
        <Caret Line="25" Column="74" TopLine="17"/>
      </Position13>
      <Position14>
        <Filename Value="data.pas"/>
        <Caret Line="122" Column="16" TopLine="111"/>
      </Position14>
      <Position15>
        <Filename Value="mainwin.pas"/>
        <Caret Line="435" Column="41" TopLine="432"/>
      </Position15>
      <Position16>
        <Filename Value="mainwin.pas"/>
        <Caret Line="426" Column="3" TopLine="416"/>
      </Position16>
      <Position17>
        <Filename Value="exportdate.pas"/>
        <Caret Line="29" Column="15" TopLine="15"/>
      </Position17>
      <Position18>
        <Filename Value="mainwin.pas"/>
        <Caret Line="445" Column="24" TopLine="438"/>
      </Position18>
      <Position19>
        <Filename Value="mainwin.pas"/>
        <Caret Line="503" Column="65" TopLine="497"/>
      </Position19>
      <Position20>
        <Filename Value="mainwin.pas"/>
        <Caret Line="321" Column="64" TopLine="319"/>
      </Position20>
      <Position21>
        <Filename Value="mainwin.pas"/>
        <Caret Line="505" Column="31" TopLine="497"/>
      </Position21>
      <Position22>
        <Filename Value="mainwin.pas"/>
        <Caret Line="269" Column="9" TopLine="263"/>
      </Position22>
      <Position23>
        <Filename Value="mainwin.pas"/>
        <Caret Line="206" Column="36" TopLine="186"/>
      </Position23>
      <Position24>
        <Filename Value="mainwin.pas"/>
        <Caret Line="194" Column="26" TopLine="185"/>
      </Position24>
      <Position25>
        <Filename Value="mainwin.pas"/>
        <Caret Line="509" Column="31" TopLine="495"/>
      </Position25>
      <Position26>
        <Filename Value="mainwin.pas"/>
        <Caret Line="522" Column="31" TopLine="503"/>
      </Position26>
      <Position27>
        <Filename Value="mainwin.pas"/>
        <Caret Line="518" Column="29" TopLine="503"/>
      </Position27>
      <Position28>
        <Filename Value="mainwin.pas"/>
        <Caret Line="514" Column="31" TopLine="503"/>
      </Position28>
      <Position29>
        <Filename Value="data.pas"/>
        <Caret Line="114" Column="41" TopLine="95"/>
      </Position29>
    </JumpHistory>
  </ProjectOptions>
  <CompilerOptions>
    <Version Value="9"/>
    <Target>
      <Filename Value="bewerbungen"/>
    </Target>
    <SearchPaths>
      <IncludeFiles Value="$(ProjOutDir)"/>
      <UnitOutputDirectory Value="lib/$(TargetCPU)-$(TargetOS)"/>
    </SearchPaths>
    <CodeGeneration>
      <SmartLinkUnit Value="True"/>
      <Checks>
        <IOChecks Value="True"/>
        <RangeChecks Value="True"/>
        <OverflowChecks Value="True"/>
        <StackChecks Value="True"/>
      </Checks>
      <VerifyObjMethodCallValidity Value="True"/>
      <SmallerCode Value="True"/>
      <Optimizations>
        <VariablesInRegisters Value="True"/>
        <UncertainOptimizations Value="True"/>
        <OptimizationLevel Value="3"/>
      </Optimizations>
    </CodeGeneration>
    <Linking>
      <Debugging>
        <GenerateDebugInfo Value="True"/>
        <StripSymbols Value="True"/>
        <UseExternalDbgSyms Value="True"/>
      </Debugging>
      <LinkSmart Value="True"/>
    </Linking>
    <Other>
      <CompilerMessages>
        <UseMsgFile Value="True"/>
        <MsgFileName Value="/usr/lib/fpc/2.4.2/msg/errord.msg"/>
        <ErrorNames Hint="Hinweis" Note="Anmerkung" Warning="Warnung" Error="Fehler" Fatal="Fataler Fehler"/>
      </CompilerMessages>
      <CompilerPath Value="$(CompPath)"/>
    </Other>
  </CompilerOptions>
  <Debugging>
    <BreakPoints Count="1">
      <Item1>
        <Source Value="mainwin.pas"/>
        <Line Value="594"/>
      </Item1>
    </BreakPoints>
    <Exceptions Count="3">
      <Item1>
        <Name Value="EAbort"/>
      </Item1>
      <Item2>
        <Name Value="ECodetoolError"/>
      </Item2>
      <Item3>
        <Name Value="EFOpenError"/>
      </Item3>
    </Exceptions>
  </Debugging>
</CONFIG>
