<?xml version="1.0"?>
<CONFIG>
  <ProjectOptions>
    <Version Value="9"/>
    <General>
      <MainUnit Value="0"/>
      <Title Value="bewerbungen"/>
      <ResourceType Value="res"/>
      <UseXPManifest Value="True"/>
      <Icon Value="0"/>
      <ActiveWindowIndexAtStart Value="0"/>
    </General>
    <i18n>
      <EnableI18N Value="True"/>
      <OutDir Value="po"/>
    </i18n>
    <VersionInfo>
      <UseVersionInfo Value="True"/>
      <AutoIncrementBuild Value="True"/>
      <MinorVersionNr Value="3"/>
      <BuildNr Value="35"/>
      <Language Value="0407"/>
      <StringTable CompanyName="Heiko Adams" FileDescription="Verwaltung für Bewerbungen" InternalName="bewerbungen" LegalCopyright="2011 Heiko Adams" OriginalFilename="bewerbungen" ProductName="Bewerbungsverwaltung" ProductVersion="0.3"/>
    </VersionInfo>
    <BuildModes Count="1" Active="Default">
      <Item1 Name="Default" Default="True"/>
    </BuildModes>
    <PublishOptions>
      <Version Value="2"/>
      <IncludeFileFilter Value="*.(pas|pp|inc|lfm|lpr|lrs|lpi|lpk|sh|xml)"/>
      <ExcludeFileFilter Value="*.(bak|ppu|o|so);*~;backup"/>
    </PublishOptions>
    <RunParams>
      <local>
        <FormatVersion Value="1"/>
        <CommandLineParams Value="--resetlog"/>
      </local>
    </RunParams>
    <RequiredPackages Count="3">
      <Item1>
        <PackageName Value="SQLDBLaz"/>
        <MinVersion Major="1" Release="1" Valid="True"/>
      </Item1>
      <Item2>
        <PackageName Value="FCL"/>
        <MinVersion Major="1" Valid="True"/>
      </Item2>
      <Item3>
        <PackageName Value="LCL"/>
      </Item3>
    </RequiredPackages>
    <Units Count="26">
      <Unit0>
        <Filename Value="bewerbungen.lpr"/>
        <IsPartOfProject Value="True"/>
        <UnitName Value="bewerbungen"/>
        <WindowIndex Value="0"/>
        <TopLine Value="1"/>
        <CursorPos X="38" Y="13"/>
        <UsageCount Value="52"/>
      </Unit0>
      <Unit1>
        <Filename Value="mainwin.pas"/>
        <IsPartOfProject Value="True"/>
        <ComponentName Value="frmMain"/>
        <ResourceBaseClass Value="Form"/>
        <UnitName Value="mainwin"/>
        <IsVisibleTab Value="True"/>
        <EditorIndex Value="0"/>
        <WindowIndex Value="0"/>
        <TopLine Value="124"/>
        <CursorPos X="49" Y="125"/>
        <UsageCount Value="52"/>
        <Loaded Value="True"/>
        <LoadedDesigner Value="True"/>
      </Unit1>
      <Unit2>
        <Filename Value="/usr/lib/lazarus/lcl/forms.pp"/>
        <UnitName Value="Forms"/>
        <WindowIndex Value="0"/>
        <TopLine Value="57"/>
        <CursorPos X="19" Y="69"/>
        <UsageCount Value="10"/>
      </Unit2>
      <Unit3>
        <Filename Value="/usr/lib/lazarus/lcl/include/control.inc"/>
        <WindowIndex Value="0"/>
        <TopLine Value="2276"/>
        <CursorPos X="1" Y="2288"/>
        <UsageCount Value="10"/>
      </Unit3>
      <Unit4>
        <Filename Value="/usr/lib/lazarus/lcl/include/customform.inc"/>
        <WindowIndex Value="0"/>
        <TopLine Value="866"/>
        <CursorPos X="1" Y="877"/>
        <UsageCount Value="10"/>
      </Unit4>
      <Unit5>
        <Filename Value="/usr/lib/lazarus/components/tdbf/registerdbf.pas"/>
        <UnitName Value="RegisterDBF"/>
        <WindowIndex Value="0"/>
        <TopLine Value="51"/>
        <CursorPos X="1" Y="74"/>
        <UsageCount Value="10"/>
      </Unit5>
      <Unit6>
        <Filename Value="/usr/lib/lazarus/lcl/lresources.pp"/>
        <UnitName Value="LResources"/>
        <WindowIndex Value="0"/>
        <TopLine Value="3060"/>
        <CursorPos X="1" Y="3072"/>
        <UsageCount Value="10"/>
      </Unit6>
      <Unit7>
        <Filename Value="/usr/lib/lazarus/components/tdbf/dbflaz.pas"/>
        <UnitName Value="DBFLaz"/>
        <WindowIndex Value="0"/>
        <TopLine Value="1"/>
        <CursorPos X="1" Y="21"/>
        <UsageCount Value="10"/>
      </Unit7>
      <Unit8>
        <Filename Value="/usr/lib/lazarus/components/sqldb/sqlstringspropertyeditordlg.pas"/>
        <ComponentName Value="SQLStringsPropertyEditorDlg"/>
        <HasResources Value="True"/>
        <ResourceBaseClass Value="Form"/>
        <UnitName Value="SQLStringsPropertyEditorDlg"/>
        <WindowIndex Value="0"/>
        <TopLine Value="267"/>
        <CursorPos X="1" Y="290"/>
        <UsageCount Value="10"/>
      </Unit8>
      <Unit9>
        <Filename Value="/usr/share/fpcsrc/packages/fcl-db/src/base/db.pas"/>
        <UnitName Value="db"/>
        <WindowIndex Value="0"/>
        <TopLine Value="1933"/>
        <CursorPos X="3" Y="1945"/>
        <UsageCount Value="10"/>
      </Unit9>
      <Unit10>
        <Filename Value="/usr/share/fpcsrc/rtl/objpas/sysutils/sysstrh.inc"/>
        <WindowIndex Value="0"/>
        <TopLine Value="206"/>
        <CursorPos X="10" Y="218"/>
        <UsageCount Value="10"/>
      </Unit10>
      <Unit11>
        <Filename Value="/usr/lib/lazarus/lcl/graphics.pp"/>
        <UnitName Value="Graphics"/>
        <WindowIndex Value="0"/>
        <TopLine Value="229"/>
        <CursorPos X="3" Y="241"/>
        <UsageCount Value="10"/>
      </Unit11>
      <Unit12>
        <Filename Value="/usr/share/fpcsrc/rtl/objpas/sysutils/datih.inc"/>
        <WindowIndex Value="0"/>
        <TopLine Value="112"/>
        <CursorPos X="10" Y="124"/>
        <UsageCount Value="10"/>
      </Unit12>
      <Unit13>
        <Filename Value="/usr/lib/lazarus/lcl/include/containedaction.inc"/>
        <WindowIndex Value="0"/>
        <TopLine Value="92"/>
        <CursorPos X="1" Y="104"/>
        <UsageCount Value="10"/>
      </Unit13>
      <Unit14>
        <Filename Value="/usr/lib/lazarus/lcl/include/dbcustomnavigator.inc"/>
        <WindowIndex Value="0"/>
        <TopLine Value="374"/>
        <CursorPos X="1" Y="386"/>
        <UsageCount Value="10"/>
      </Unit14>
      <Unit15>
        <Filename Value="/usr/lib/lazarus/components/codetools/codetoolsstrconsts.pas"/>
        <UnitName Value="CodeToolsStrConsts"/>
        <WindowIndex Value="0"/>
        <TopLine Value="273"/>
        <CursorPos X="1" Y="296"/>
        <UsageCount Value="10"/>
      </Unit15>
      <Unit16>
        <Filename Value="/usr/lib/lazarus/lcl/dbctrls.pp"/>
        <UnitName Value="DbCtrls"/>
        <WindowIndex Value="0"/>
        <TopLine Value="1084"/>
        <CursorPos X="30" Y="1104"/>
        <UsageCount Value="10"/>
      </Unit16>
      <Unit17>
        <Filename Value="/usr/share/fpcsrc/packages/fcl-db/src/sqldb/sqldb.pp"/>
        <UnitName Value="sqldb"/>
        <WindowIndex Value="0"/>
        <TopLine Value="716"/>
        <CursorPos X="33" Y="712"/>
        <UsageCount Value="10"/>
      </Unit17>
      <Unit18>
        <Filename Value="/usr/share/fpcsrc/packages/fcl-db/src/base/bufdataset.pas"/>
        <UnitName Value="BufDataset"/>
        <WindowIndex Value="0"/>
        <TopLine Value="1927"/>
        <CursorPos X="41" Y="1907"/>
        <UsageCount Value="10"/>
      </Unit18>
      <Unit19>
        <Filename Value="data.pas"/>
        <IsPartOfProject Value="True"/>
        <ComponentName Value="dmBewerbungen"/>
        <ResourceBaseClass Value="DataModule"/>
        <UnitName Value="Data"/>
        <EditorIndex Value="2"/>
        <WindowIndex Value="0"/>
        <TopLine Value="48"/>
        <CursorPos X="32" Y="51"/>
        <UsageCount Value="23"/>
        <Loaded Value="True"/>
        <LoadedDesigner Value="True"/>
      </Unit19>
      <Unit20>
        <Filename Value="mainwin.lfm"/>
        <WindowIndex Value="0"/>
        <TopLine Value="107"/>
        <CursorPos X="24" Y="127"/>
        <UsageCount Value="10"/>
        <DefaultSyntaxHighlighter Value="LFM"/>
      </Unit20>
      <Unit21>
        <Filename Value="/usr/lib/lazarus/components/sqldb/sqldblaz.pas"/>
        <UnitName Value="SQLDBLaz"/>
        <WindowIndex Value="0"/>
        <TopLine Value="1"/>
        <CursorPos X="1" Y="21"/>
        <UsageCount Value="10"/>
      </Unit21>
      <Unit22>
        <Filename Value="/usr/lib/lazarus/lcl/grids.pas"/>
        <UnitName Value="Grids"/>
        <WindowIndex Value="0"/>
        <TopLine Value="3036"/>
        <CursorPos X="1" Y="3048"/>
        <UsageCount Value="10"/>
      </Unit22>
      <Unit23>
        <Filename Value="/usr/share/fpcsrc/rtl/objpas/sysutils/osutilsh.inc"/>
        <WindowIndex Value="0"/>
        <TopLine Value="27"/>
        <CursorPos X="26" Y="40"/>
        <UsageCount Value="10"/>
      </Unit23>
      <Unit24>
        <Filename Value="/usr/share/fpcsrc/packages/fcl-base/src/inifiles.pp"/>
        <UnitName Value="IniFiles"/>
        <WindowIndex Value="0"/>
        <TopLine Value="121"/>
        <CursorPos X="14" Y="133"/>
        <UsageCount Value="10"/>
      </Unit24>
      <Unit25>
        <Filename Value="bewerbung_strings.pas"/>
        <IsPartOfProject Value="True"/>
        <UnitName Value="bewerbung_strings"/>
        <EditorIndex Value="1"/>
        <WindowIndex Value="0"/>
        <TopLine Value="1"/>
        <CursorPos X="34" Y="16"/>
        <UsageCount Value="20"/>
        <Loaded Value="True"/>
      </Unit25>
    </Units>
    <JumpHistory Count="30" HistoryIndex="29">
      <Position1>
        <Filename Value="mainwin.pas"/>
        <Caret Line="446" Column="1" TopLine="446"/>
      </Position1>
      <Position2>
        <Filename Value="mainwin.pas"/>
        <Caret Line="445" Column="1" TopLine="445"/>
      </Position2>
      <Position3>
        <Filename Value="mainwin.pas"/>
        <Caret Line="444" Column="1" TopLine="444"/>
      </Position3>
      <Position4>
        <Filename Value="mainwin.pas"/>
        <Caret Line="444" Column="1" TopLine="444"/>
      </Position4>
      <Position5>
        <Filename Value="mainwin.pas"/>
        <Caret Line="299" Column="22" TopLine="286"/>
      </Position5>
      <Position6>
        <Filename Value="mainwin.pas"/>
        <Caret Line="298" Column="22" TopLine="285"/>
      </Position6>
      <Position7>
        <Filename Value="mainwin.pas"/>
        <Caret Line="299" Column="22" TopLine="286"/>
      </Position7>
      <Position8>
        <Filename Value="mainwin.pas"/>
        <Caret Line="298" Column="22" TopLine="285"/>
      </Position8>
      <Position9>
        <Filename Value="mainwin.pas"/>
        <Caret Line="299" Column="22" TopLine="286"/>
      </Position9>
      <Position10>
        <Filename Value="mainwin.pas"/>
        <Caret Line="284" Column="22" TopLine="288"/>
      </Position10>
      <Position11>
        <Filename Value="mainwin.pas"/>
        <Caret Line="188" Column="21" TopLine="176"/>
      </Position11>
      <Position12>
        <Filename Value="mainwin.pas"/>
        <Caret Line="191" Column="9" TopLine="179"/>
      </Position12>
      <Position13>
        <Filename Value="mainwin.pas"/>
        <Caret Line="188" Column="1" TopLine="176"/>
      </Position13>
      <Position14>
        <Filename Value="mainwin.pas"/>
        <Caret Line="135" Column="30" TopLine="121"/>
      </Position14>
      <Position15>
        <Filename Value="mainwin.pas"/>
        <Caret Line="188" Column="21" TopLine="176"/>
      </Position15>
      <Position16>
        <Filename Value="data.pas"/>
        <Caret Line="197" Column="25" TopLine="190"/>
      </Position16>
      <Position17>
        <Filename Value="mainwin.pas"/>
        <Caret Line="10" Column="12" TopLine="1"/>
      </Position17>
      <Position18>
        <Filename Value="data.pas"/>
        <Caret Line="8" Column="63" TopLine="1"/>
      </Position18>
      <Position19>
        <Filename Value="data.pas"/>
        <Caret Line="156" Column="11" TopLine="144"/>
      </Position19>
      <Position20>
        <Filename Value="mainwin.pas"/>
        <Caret Line="10" Column="63" TopLine="1"/>
      </Position20>
      <Position21>
        <Filename Value="mainwin.pas"/>
        <Caret Line="202" Column="22" TopLine="230"/>
      </Position21>
      <Position22>
        <Filename Value="mainwin.pas"/>
        <Caret Line="256" Column="22" TopLine="244"/>
      </Position22>
      <Position23>
        <Filename Value="mainwin.pas"/>
        <Caret Line="470" Column="19" TopLine="470"/>
      </Position23>
      <Position24>
        <Filename Value="data.pas"/>
        <Caret Line="213" Column="5" TopLine="193"/>
      </Position24>
      <Position25>
        <Filename Value="mainwin.pas"/>
        <Caret Line="493" Column="1" TopLine="1"/>
      </Position25>
      <Position26>
        <Filename Value="mainwin.pas"/>
        <Caret Line="108" Column="23" TopLine="98"/>
      </Position26>
      <Position27>
        <Filename Value="mainwin.pas"/>
        <Caret Line="9" Column="59" TopLine="1"/>
      </Position27>
      <Position28>
        <Filename Value="mainwin.pas"/>
        <Caret Line="10" Column="27" TopLine="1"/>
      </Position28>
      <Position29>
        <Filename Value="data.pas"/>
        <Caret Line="217" Column="1" TopLine="154"/>
      </Position29>
      <Position30>
        <Filename Value="mainwin.pas"/>
        <Caret Line="125" Column="30" TopLine="108"/>
      </Position30>
    </JumpHistory>
  </ProjectOptions>
  <CompilerOptions>
    <Version Value="9"/>
    <Target>
      <Filename Value="bewerbungen"/>
    </Target>
    <SearchPaths>
      <IncludeFiles Value="$(ProjOutDir)"/>
      <UnitOutputDirectory Value="lib/$(TargetCPU)-$(TargetOS)"/>
    </SearchPaths>
    <CodeGeneration>
      <SmartLinkUnit Value="True"/>
      <Checks>
        <IOChecks Value="True"/>
        <RangeChecks Value="True"/>
        <OverflowChecks Value="True"/>
        <StackChecks Value="True"/>
      </Checks>
      <VerifyObjMethodCallValidity Value="True"/>
      <Optimizations>
        <VariablesInRegisters Value="True"/>
        <UncertainOptimizations Value="True"/>
        <OptimizationLevel Value="2"/>
      </Optimizations>
    </CodeGeneration>
    <Linking>
      <Debugging>
        <StripSymbols Value="True"/>
        <UseExternalDbgSyms Value="True"/>
      </Debugging>
      <LinkSmart Value="True"/>
    </Linking>
    <Other>
      <CompilerMessages>
        <UseMsgFile Value="True"/>
        <MsgFileName Value="/usr/lib/fpc/2.4.2/msg/errord.msg"/>
        <ErrorNames Hint="Hinweis" Note="Anmerkung" Warning="Warnung" Error="Fehler" Fatal="Fataler Fehler"/>
      </CompilerMessages>
      <CompilerPath Value="$(CompPath)"/>
    </Other>
  </CompilerOptions>
  <Debugging>
    <BreakPoints Count="1">
      <Item1>
        <Source Value="mainwin.pas"/>
        <Line Value="503"/>
      </Item1>
    </BreakPoints>
    <Exceptions Count="3">
      <Item1>
        <Name Value="EAbort"/>
      </Item1>
      <Item2>
        <Name Value="ECodetoolError"/>
      </Item2>
      <Item3>
        <Name Value="EFOpenError"/>
      </Item3>
    </Exceptions>
  </Debugging>
</CONFIG>
