<?xml version="1.0"?>
<CONFIG>
  <ProjectOptions>
    <Version Value="9"/>
    <General>
      <MainUnit Value="0"/>
      <Title Value="Bewerbungsmanager"/>
      <ResourceType Value="res"/>
      <UseXPManifest Value="True"/>
      <XPManifest>
        <DpiAware Value="True"/>
      </XPManifest>
      <Icon Value="0"/>
      <ActiveWindowIndexAtStart Value="0"/>
    </General>
    <i18n>
      <EnableI18N Value="True"/>
      <OutDir Value="po"/>
    </i18n>
    <VersionInfo>
      <UseVersionInfo Value="True"/>
      <AutoIncrementBuild Value="True"/>
      <MajorVersionNr Value="1"/>
      <MinorVersionNr Value="9"/>
      <BuildNr Value="155"/>
      <Language Value="0407"/>
      <StringTable CompanyName="Heiko Adams" FileDescription="Verwaltung für Bewerbungen" InternalName="bewerbungen" LegalCopyright="2011 Heiko Adams" OriginalFilename="bewerbungen" ProductName="Bewerbungsverwaltung" ProductVersion="1.90"/>
    </VersionInfo>
    <BuildModes Count="1" Active="Default">
      <Item1 Name="Default" Default="True"/>
    </BuildModes>
    <PublishOptions>
      <Version Value="2"/>
      <CommandAfter Value="tar czf $MakeFile($(ProjPublishDir)).tgz $(ProjPublishDir)"/>
      <IncludeFileFilter Value="*.(pas|pp|inc|lfm|lpr|lrs|lpi|lpk|sh|xml)"/>
      <UseExcludeFileFilter Value="True"/>
      <ExcludeFileFilter Value="*.(bak|ppu|o|so);*~;backup"/>
    </PublishOptions>
    <RunParams>
      <local>
        <FormatVersion Value="1"/>
      </local>
    </RunParams>
    <RequiredPackages Count="3">
      <Item1>
        <PackageName Value="SQLDBLaz"/>
        <MinVersion Major="1" Release="1" Valid="True"/>
      </Item1>
      <Item2>
        <PackageName Value="FCL"/>
        <MinVersion Major="1" Valid="True"/>
      </Item2>
      <Item3>
        <PackageName Value="LCL"/>
      </Item3>
    </RequiredPackages>
    <Units Count="66">
      <Unit0>
        <Filename Value="bewerbungen.lpr"/>
        <IsPartOfProject Value="True"/>
        <UnitName Value="bewerbungen"/>
        <EditorIndex Value="0"/>
        <WindowIndex Value="0"/>
        <TopLine Value="1"/>
        <CursorPos X="13" Y="11"/>
        <UsageCount Value="108"/>
        <Loaded Value="True"/>
      </Unit0>
      <Unit1>
        <Filename Value="mainwin.pas"/>
        <IsPartOfProject Value="True"/>
        <ComponentName Value="frmMain"/>
        <HasResources Value="True"/>
        <ResourceBaseClass Value="Form"/>
        <UnitName Value="mainwin"/>
        <IsVisibleTab Value="True"/>
        <EditorIndex Value="1"/>
        <WindowIndex Value="0"/>
        <TopLine Value="408"/>
        <CursorPos X="20" Y="413"/>
        <UsageCount Value="108"/>
        <Loaded Value="True"/>
        <LoadedDesigner Value="True"/>
      </Unit1>
      <Unit2>
        <Filename Value="/usr/lib/lazarus/lcl/forms.pp"/>
        <UnitName Value="Forms"/>
        <WindowIndex Value="0"/>
        <TopLine Value="1693"/>
        <CursorPos X="1" Y="1706"/>
        <UsageCount Value="9"/>
      </Unit2>
      <Unit3>
        <Filename Value="/usr/lib/lazarus/lcl/include/control.inc"/>
        <WindowIndex Value="0"/>
        <TopLine Value="2276"/>
        <CursorPos X="1" Y="2288"/>
        <UsageCount Value="9"/>
      </Unit3>
      <Unit4>
        <Filename Value="/usr/lib/lazarus/lcl/include/customform.inc"/>
        <WindowIndex Value="0"/>
        <TopLine Value="864"/>
        <CursorPos X="1" Y="877"/>
        <UsageCount Value="9"/>
      </Unit4>
      <Unit5>
        <Filename Value="/usr/lib/lazarus/components/tdbf/registerdbf.pas"/>
        <UnitName Value="RegisterDBF"/>
        <WindowIndex Value="0"/>
        <TopLine Value="51"/>
        <CursorPos X="1" Y="74"/>
        <UsageCount Value="9"/>
      </Unit5>
      <Unit6>
        <Filename Value="/usr/lib/lazarus/lcl/lresources.pp"/>
        <UnitName Value="LResources"/>
        <WindowIndex Value="0"/>
        <TopLine Value="3060"/>
        <CursorPos X="1" Y="3072"/>
        <UsageCount Value="9"/>
      </Unit6>
      <Unit7>
        <Filename Value="/usr/lib/lazarus/components/tdbf/dbflaz.pas"/>
        <UnitName Value="DBFLaz"/>
        <WindowIndex Value="0"/>
        <TopLine Value="1"/>
        <CursorPos X="1" Y="21"/>
        <UsageCount Value="9"/>
      </Unit7>
      <Unit8>
        <Filename Value="/usr/lib/lazarus/components/sqldb/sqlstringspropertyeditordlg.pas"/>
        <ComponentName Value="SQLStringsPropertyEditorDlg"/>
        <HasResources Value="True"/>
        <ResourceBaseClass Value="Form"/>
        <UnitName Value="SQLStringsPropertyEditorDlg"/>
        <WindowIndex Value="0"/>
        <TopLine Value="265"/>
        <CursorPos X="1" Y="290"/>
        <UsageCount Value="9"/>
      </Unit8>
      <Unit9>
        <Filename Value="/usr/share/fpcsrc/packages/fcl-db/src/base/db.pas"/>
        <UnitName Value="db"/>
        <WindowIndex Value="0"/>
        <TopLine Value="1021"/>
        <CursorPos X="16" Y="1034"/>
        <UsageCount Value="9"/>
      </Unit9>
      <Unit10>
        <Filename Value="/usr/share/fpcsrc/rtl/objpas/sysutils/sysstrh.inc"/>
        <WindowIndex Value="0"/>
        <TopLine Value="211"/>
        <CursorPos X="10" Y="224"/>
        <UsageCount Value="9"/>
      </Unit10>
      <Unit11>
        <Filename Value="/usr/lib/lazarus/lcl/graphics.pp"/>
        <UnitName Value="Graphics"/>
        <WindowIndex Value="0"/>
        <TopLine Value="237"/>
        <CursorPos X="3" Y="256"/>
        <UsageCount Value="9"/>
      </Unit11>
      <Unit12>
        <Filename Value="/usr/share/fpcsrc/rtl/objpas/sysutils/datih.inc"/>
        <WindowIndex Value="0"/>
        <TopLine Value="112"/>
        <CursorPos X="10" Y="124"/>
        <UsageCount Value="9"/>
      </Unit12>
      <Unit13>
        <Filename Value="/usr/lib/lazarus/lcl/include/containedaction.inc"/>
        <WindowIndex Value="0"/>
        <TopLine Value="92"/>
        <CursorPos X="1" Y="104"/>
        <UsageCount Value="9"/>
      </Unit13>
      <Unit14>
        <Filename Value="/usr/lib/lazarus/lcl/include/dbcustomnavigator.inc"/>
        <WindowIndex Value="0"/>
        <TopLine Value="374"/>
        <CursorPos X="1" Y="386"/>
        <UsageCount Value="10"/>
      </Unit14>
      <Unit15>
        <Filename Value="/usr/lib/lazarus/components/codetools/codetoolsstrconsts.pas"/>
        <UnitName Value="CodeToolsStrConsts"/>
        <WindowIndex Value="0"/>
        <TopLine Value="273"/>
        <CursorPos X="1" Y="296"/>
        <UsageCount Value="9"/>
      </Unit15>
      <Unit16>
        <Filename Value="/usr/lib/lazarus/lcl/dbctrls.pp"/>
        <UnitName Value="DbCtrls"/>
        <WindowIndex Value="0"/>
        <TopLine Value="1178"/>
        <CursorPos X="45" Y="1190"/>
        <UsageCount Value="9"/>
      </Unit16>
      <Unit17>
        <Filename Value="/usr/share/fpcsrc/packages/fcl-db/src/sqldb/sqldb.pp"/>
        <UnitName Value="sqldb"/>
        <WindowIndex Value="0"/>
        <TopLine Value="121"/>
        <CursorPos X="28" Y="134"/>
        <UsageCount Value="9"/>
      </Unit17>
      <Unit18>
        <Filename Value="/usr/share/fpcsrc/packages/fcl-db/src/base/bufdataset.pas"/>
        <UnitName Value="BufDataset"/>
        <WindowIndex Value="0"/>
        <TopLine Value="452"/>
        <CursorPos X="36" Y="465"/>
        <UsageCount Value="9"/>
      </Unit18>
      <Unit19>
        <Filename Value="data.pas"/>
        <IsPartOfProject Value="True"/>
        <ComponentName Value="dmBewerbungen"/>
        <HasResources Value="True"/>
        <ResourceBaseClass Value="DataModule"/>
        <UnitName Value="Data"/>
        <EditorIndex Value="2"/>
        <WindowIndex Value="0"/>
        <TopLine Value="391"/>
        <CursorPos X="36" Y="348"/>
        <UsageCount Value="79"/>
        <Loaded Value="True"/>
        <LoadedDesigner Value="True"/>
      </Unit19>
      <Unit20>
        <Filename Value="mainwin.lfm"/>
        <WindowIndex Value="0"/>
        <TopLine Value="107"/>
        <CursorPos X="24" Y="127"/>
        <UsageCount Value="9"/>
        <DefaultSyntaxHighlighter Value="LFM"/>
      </Unit20>
      <Unit21>
        <Filename Value="/usr/lib/lazarus/components/sqldb/sqldblaz.pas"/>
        <UnitName Value="SQLDBLaz"/>
        <WindowIndex Value="0"/>
        <TopLine Value="1"/>
        <CursorPos X="1" Y="21"/>
        <UsageCount Value="9"/>
      </Unit21>
      <Unit22>
        <Filename Value="/usr/lib/lazarus/lcl/grids.pas"/>
        <UnitName Value="Grids"/>
        <WindowIndex Value="0"/>
        <TopLine Value="3036"/>
        <CursorPos X="1" Y="3048"/>
        <UsageCount Value="9"/>
      </Unit22>
      <Unit23>
        <Filename Value="/usr/share/fpcsrc/rtl/objpas/sysutils/osutilsh.inc"/>
        <WindowIndex Value="0"/>
        <TopLine Value="27"/>
        <CursorPos X="26" Y="40"/>
        <UsageCount Value="9"/>
      </Unit23>
      <Unit24>
        <Filename Value="/usr/share/fpcsrc/packages/fcl-base/src/inifiles.pp"/>
        <UnitName Value="IniFiles"/>
        <WindowIndex Value="0"/>
        <TopLine Value="166"/>
        <CursorPos X="14" Y="178"/>
        <UsageCount Value="9"/>
      </Unit24>
      <Unit25>
        <Filename Value="bewerbung_strings.pas"/>
        <IsPartOfProject Value="True"/>
        <UnitName Value="bewerbung_strings"/>
        <EditorIndex Value="3"/>
        <WindowIndex Value="0"/>
        <TopLine Value="39"/>
        <CursorPos X="28" Y="59"/>
        <UsageCount Value="76"/>
        <Loaded Value="True"/>
      </Unit25>
      <Unit26>
        <Filename Value="/usr/lib/lazarus/lcl/shellctrls.pas"/>
        <UnitName Value="ShellCtrls"/>
        <WindowIndex Value="0"/>
        <TopLine Value="41"/>
        <CursorPos X="1" Y="1"/>
        <UsageCount Value="9"/>
      </Unit26>
      <Unit27>
        <Filename Value="/usr/share/fpcsrc/rtl/objpas/classes/classesh.inc"/>
        <WindowIndex Value="0"/>
        <TopLine Value="619"/>
        <CursorPos X="3" Y="550"/>
        <UsageCount Value="9"/>
      </Unit27>
      <Unit28>
        <Filename Value="/usr/share/fpcsrc/packages/fcl-db/src/base/dbconst.pas"/>
        <UnitName Value="dbconst"/>
        <WindowIndex Value="0"/>
        <TopLine Value="50"/>
        <CursorPos X="3" Y="103"/>
        <UsageCount Value="9"/>
      </Unit28>
      <Unit29>
        <Filename Value="/usr/share/fpcsrc/packages/fcl-db/src/sqldb/sqlite/sqlite3conn.pp"/>
        <UnitName Value="sqlite3conn"/>
        <WindowIndex Value="0"/>
        <TopLine Value="647"/>
        <CursorPos X="28" Y="666"/>
        <UsageCount Value="9"/>
      </Unit29>
      <Unit30>
        <Filename Value="/usr/lib/lazarus/lcl/include/customaction.inc"/>
        <WindowIndex Value="0"/>
        <TopLine Value="239"/>
        <CursorPos X="1" Y="252"/>
        <UsageCount Value="9"/>
      </Unit30>
      <Unit31>
        <Filename Value="/usr/share/fpcsrc/rtl/inc/varianth.inc"/>
        <WindowIndex Value="0"/>
        <TopLine Value="484"/>
        <CursorPos X="10" Y="503"/>
        <UsageCount Value="9"/>
      </Unit31>
      <Unit32>
        <Filename Value="/usr/lib/lazarus/lcl/include/finddialog.inc"/>
        <WindowIndex Value="0"/>
        <TopLine Value="141"/>
        <CursorPos X="1" Y="153"/>
        <UsageCount Value="9"/>
      </Unit32>
      <Unit33>
        <Filename Value="exportdate.pas"/>
        <IsPartOfProject Value="True"/>
        <ComponentName Value="frmExportDate"/>
        <ResourceBaseClass Value="Form"/>
        <UnitName Value="exportdate"/>
        <WindowIndex Value="0"/>
        <TopLine Value="1"/>
        <CursorPos X="1" Y="16"/>
        <UsageCount Value="64"/>
      </Unit33>
      <Unit34>
        <Filename Value="/usr/lib/lazarus/lcl/include/application.inc"/>
        <WindowIndex Value="0"/>
        <TopLine Value="2106"/>
        <CursorPos X="1" Y="2117"/>
        <UsageCount Value="9"/>
      </Unit34>
      <Unit35>
        <Filename Value="settings.pas"/>
        <IsPartOfProject Value="True"/>
        <ComponentName Value="frmSettings"/>
        <HasResources Value="True"/>
        <ResourceBaseClass Value="Form"/>
        <UnitName Value="settings"/>
        <WindowIndex Value="0"/>
        <TopLine Value="56"/>
        <CursorPos X="82" Y="73"/>
        <ComponentState Value="1"/>
        <UsageCount Value="62"/>
      </Unit35>
      <Unit36>
        <Filename Value="/usr/lib/lazarus/lcl/lcltype.pp"/>
        <UnitName Value="LCLType"/>
        <WindowIndex Value="0"/>
        <TopLine Value="718"/>
        <CursorPos X="3" Y="729"/>
        <UsageCount Value="9"/>
      </Unit36>
      <Unit37>
        <Filename Value="/usr/lib/lazarus/lcl/dialogs.pp"/>
        <UnitName Value="Dialogs"/>
        <WindowIndex Value="0"/>
        <TopLine Value="236"/>
        <CursorPos X="24" Y="247"/>
        <UsageCount Value="9"/>
      </Unit37>
      <Unit38>
        <Filename Value="/usr/lib/lazarus/lcl/graphtype.pp"/>
        <UnitName Value="GraphType"/>
        <WindowIndex Value="0"/>
        <TopLine Value="28"/>
        <CursorPos X="3" Y="39"/>
        <UsageCount Value="9"/>
      </Unit38>
      <Unit39>
        <Filename Value="/usr/lib/lazarus/lcl/interfaces/gtk2/gtk2proc.inc"/>
        <WindowIndex Value="0"/>
        <TopLine Value="7414"/>
        <CursorPos X="1" Y="7427"/>
        <UsageCount Value="9"/>
      </Unit39>
      <Unit40>
        <Filename Value="/usr/lib/lazarus/lcl/interfaces/gtk2/gtk2lclintf.inc"/>
        <WindowIndex Value="0"/>
        <TopLine Value="800"/>
        <CursorPos X="1" Y="813"/>
        <UsageCount Value="9"/>
      </Unit40>
      <Unit41>
        <Filename Value="/usr/lib/lazarus/components/sqldb/registersqldb.pas"/>
        <UnitName Value="registersqldb"/>
        <WindowIndex Value="0"/>
        <TopLine Value="17"/>
        <CursorPos X="16" Y="30"/>
        <UsageCount Value="9"/>
      </Unit41>
      <Unit42>
        <Filename Value="/usr/share/fpcsrc/rtl/objpas/sysutils/finah.inc"/>
        <WindowIndex Value="0"/>
        <TopLine Value="17"/>
        <CursorPos X="10" Y="24"/>
        <UsageCount Value="9"/>
      </Unit42>
      <Unit43>
        <Filename Value="/usr/lib/lazarus/lcl/widgetset/wscontrols.pp"/>
        <UnitName Value="WSControls"/>
        <WindowIndex Value="0"/>
        <TopLine Value="150"/>
        <CursorPos X="1" Y="163"/>
        <UsageCount Value="9"/>
      </Unit43>
      <Unit44>
        <Filename Value="bewerbungen.sql"/>
        <WindowIndex Value="0"/>
        <TopLine Value="1"/>
        <CursorPos X="192" Y="12"/>
        <UsageCount Value="9"/>
        <DefaultSyntaxHighlighter Value="SQL"/>
      </Unit44>
      <Unit45>
        <Filename Value="/usr/share/fpcsrc/rtl/objpas/sysutils/filutilh.inc"/>
        <WindowIndex Value="0"/>
        <TopLine Value="75"/>
        <CursorPos X="10" Y="88"/>
        <UsageCount Value="9"/>
      </Unit45>
      <Unit46>
        <Filename Value="src/bewerbung_strings.pas"/>
        <UnitName Value="bewerbung_strings"/>
        <WindowIndex Value="0"/>
        <TopLine Value="1"/>
        <CursorPos X="1" Y="1"/>
        <UsageCount Value="19"/>
      </Unit46>
      <Unit47>
        <Filename Value="src/data.pas"/>
        <HasResources Value="True"/>
        <UnitName Value="Data"/>
        <WindowIndex Value="0"/>
        <TopLine Value="1"/>
        <CursorPos X="1" Y="1"/>
        <UsageCount Value="19"/>
      </Unit47>
      <Unit48>
        <Filename Value="src/exportdate.pas"/>
        <HasResources Value="True"/>
        <UnitName Value="exportdate"/>
        <WindowIndex Value="0"/>
        <TopLine Value="1"/>
        <CursorPos X="1" Y="1"/>
        <UsageCount Value="19"/>
      </Unit48>
      <Unit49>
        <Filename Value="src/mainwin.pas"/>
        <HasResources Value="True"/>
        <UnitName Value="mainwin"/>
        <WindowIndex Value="0"/>
        <TopLine Value="1"/>
        <CursorPos X="1" Y="1"/>
        <UsageCount Value="19"/>
      </Unit49>
      <Unit50>
        <Filename Value="src/settings.pas"/>
        <HasResources Value="True"/>
        <UnitName Value="settings"/>
        <WindowIndex Value="0"/>
        <TopLine Value="1"/>
        <CursorPos X="1" Y="1"/>
        <UsageCount Value="19"/>
      </Unit50>
      <Unit51>
        <Filename Value="src/data.lfm"/>
        <UsageCount Value="19"/>
        <DefaultSyntaxHighlighter Value="LFM"/>
      </Unit51>
      <Unit52>
        <Filename Value="src/exportdate.lfm"/>
        <UsageCount Value="19"/>
        <DefaultSyntaxHighlighter Value="LFM"/>
      </Unit52>
      <Unit53>
        <Filename Value="src/exportdate.lrt"/>
        <UsageCount Value="19"/>
        <DefaultSyntaxHighlighter Value="None"/>
      </Unit53>
      <Unit54>
        <Filename Value="src/mainwin.lfm"/>
        <UsageCount Value="19"/>
        <DefaultSyntaxHighlighter Value="LFM"/>
      </Unit54>
      <Unit55>
        <Filename Value="src/mainwin.lrt"/>
        <UsageCount Value="19"/>
        <DefaultSyntaxHighlighter Value="None"/>
      </Unit55>
      <Unit56>
        <Filename Value="src/settings.lfm"/>
        <UsageCount Value="19"/>
        <DefaultSyntaxHighlighter Value="LFM"/>
      </Unit56>
      <Unit57>
        <Filename Value="src/settings.lrt"/>
        <UsageCount Value="19"/>
        <DefaultSyntaxHighlighter Value="None"/>
      </Unit57>
      <Unit58>
        <Filename Value="/usr/lib64/lazarus/components/sqldb/sqlstringspropertyeditordlg.pas"/>
        <ComponentName Value="SQLStringsPropertyEditorDlg"/>
        <HasResources Value="True"/>
        <ResourceBaseClass Value="Form"/>
        <UnitName Value="SQLStringsPropertyEditorDlg"/>
        <WindowIndex Value="0"/>
        <TopLine Value="267"/>
        <CursorPos X="1" Y="290"/>
        <UsageCount Value="9"/>
      </Unit58>
      <Unit59>
        <Filename Value="datafilter.pas"/>
        <ComponentName Value="frmFilterDate"/>
        <ResourceBaseClass Value="Form"/>
        <UnitName Value="datafilter"/>
        <WindowIndex Value="0"/>
        <TopLine Value="17"/>
        <CursorPos X="16" Y="1"/>
        <UsageCount Value="20"/>
      </Unit59>
      <Unit60>
        <Filename Value="/usr/lib64/lazarus/lcl/interfaces/gtk2/gtk2widgetset.inc"/>
        <WindowIndex Value="0"/>
        <TopLine Value="2382"/>
        <CursorPos X="1" Y="2395"/>
        <UsageCount Value="9"/>
      </Unit60>
      <Unit61>
        <Filename Value="/usr/lib64/lazarus/lcl/interfaces/gtk2/gtk2lclintf.inc"/>
        <WindowIndex Value="0"/>
        <TopLine Value="800"/>
        <CursorPos X="1" Y="813"/>
        <UsageCount Value="9"/>
      </Unit61>
      <Unit62>
        <Filename Value="filterdate.pas"/>
        <IsPartOfProject Value="True"/>
        <ComponentName Value="frmDateFilter"/>
        <HasResources Value="True"/>
        <ResourceBaseClass Value="Form"/>
        <UnitName Value="filterdate"/>
        <WindowIndex Value="0"/>
        <TopLine Value="15"/>
        <CursorPos X="66" Y="25"/>
        <UsageCount Value="43"/>
      </Unit62>
      <Unit63>
        <Filename Value="viewfilter.pas"/>
        <IsPartOfProject Value="True"/>
        <ComponentName Value="frmViewFilter"/>
        <ResourceBaseClass Value="Form"/>
        <UnitName Value="viewfilter"/>
        <WindowIndex Value="0"/>
        <TopLine Value="1"/>
        <CursorPos X="1" Y="16"/>
        <UsageCount Value="43"/>
      </Unit63>
      <Unit64>
        <Filename Value="/usr/share/fpcsrc/rtl/objpas/dateutils.pp"/>
        <UnitName Value="dateutils"/>
        <WindowIndex Value="0"/>
        <TopLine Value="1"/>
        <CursorPos X="1" Y="1"/>
        <UsageCount Value="10"/>
      </Unit64>
      <Unit65>
        <Filename Value="/usr/lib64/lazarus/lcl/graphics.pp"/>
        <UnitName Value="Graphics"/>
        <WindowIndex Value="0"/>
        <TopLine Value="260"/>
        <CursorPos X="15" Y="272"/>
        <UsageCount Value="12"/>
      </Unit65>
    </Units>
    <JumpHistory Count="30" HistoryIndex="29">
      <Position1>
        <Filename Value="mainwin.pas"/>
        <Caret Line="773" Column="35" TopLine="763"/>
      </Position1>
      <Position2>
        <Filename Value="mainwin.pas"/>
        <Caret Line="299" Column="5" TopLine="293"/>
      </Position2>
      <Position3>
        <Filename Value="data.pas"/>
        <Caret Line="54" Column="41" TopLine="44"/>
      </Position3>
      <Position4>
        <Filename Value="mainwin.pas"/>
        <Caret Line="26" Column="55" TopLine="16"/>
      </Position4>
      <Position5>
        <Filename Value="mainwin.pas"/>
        <Caret Line="857" Column="5" TopLine="777"/>
      </Position5>
      <Position6>
        <Filename Value="mainwin.pas"/>
        <Caret Line="614" Column="11" TopLine="597"/>
      </Position6>
      <Position7>
        <Filename Value="data.pas"/>
        <Caret Line="179" Column="1" TopLine="167"/>
      </Position7>
      <Position8>
        <Filename Value="mainwin.pas"/>
        <Caret Line="432" Column="17" TopLine="422"/>
      </Position8>
      <Position9>
        <Filename Value="mainwin.pas"/>
        <Caret Line="706" Column="40" TopLine="697"/>
      </Position9>
      <Position10>
        <Filename Value="mainwin.pas"/>
        <Caret Line="700" Column="3" TopLine="686"/>
      </Position10>
      <Position11>
        <Filename Value="mainwin.pas"/>
        <Caret Line="709" Column="51" TopLine="700"/>
      </Position11>
      <Position12>
        <Filename Value="mainwin.pas"/>
        <Caret Line="703" Column="20" TopLine="692"/>
      </Position12>
      <Position13>
        <Filename Value="mainwin.pas"/>
        <Caret Line="547" Column="3" TopLine="542"/>
      </Position13>
      <Position14>
        <Filename Value="mainwin.pas"/>
        <Caret Line="377" Column="21" TopLine="313"/>
      </Position14>
      <Position15>
        <Filename Value="mainwin.pas"/>
        <Caret Line="282" Column="60" TopLine="269"/>
      </Position15>
      <Position16>
        <Filename Value="mainwin.pas"/>
        <Caret Line="507" Column="17" TopLine="497"/>
      </Position16>
      <Position17>
        <Filename Value="mainwin.pas"/>
        <Caret Line="285" Column="16" TopLine="269"/>
      </Position17>
      <Position18>
        <Filename Value="mainwin.pas"/>
        <Caret Line="291" Column="50" TopLine="278"/>
      </Position18>
      <Position19>
        <Filename Value="mainwin.pas"/>
        <Caret Line="289" Column="57" TopLine="279"/>
      </Position19>
      <Position20>
        <Filename Value="mainwin.pas"/>
        <Caret Line="290" Column="57" TopLine="280"/>
      </Position20>
      <Position21>
        <Filename Value="mainwin.pas"/>
        <Caret Line="614" Column="1" TopLine="611"/>
      </Position21>
      <Position22>
        <Filename Value="mainwin.pas"/>
        <Caret Line="412" Column="23" TopLine="408"/>
      </Position22>
      <Position23>
        <Filename Value="mainwin.pas"/>
        <Caret Line="410" Column="36" TopLine="408"/>
      </Position23>
      <Position24>
        <Filename Value="data.pas"/>
        <Caret Line="66" Column="25" TopLine="57"/>
      </Position24>
      <Position25>
        <Filename Value="mainwin.pas"/>
        <Caret Line="222" Column="50" TopLine="222"/>
      </Position25>
      <Position26>
        <Filename Value="mainwin.pas"/>
        <Caret Line="567" Column="3" TopLine="577"/>
      </Position26>
      <Position27>
        <Filename Value="mainwin.pas"/>
        <Caret Line="303" Column="3" TopLine="361"/>
      </Position27>
      <Position28>
        <Filename Value="mainwin.pas"/>
        <Caret Line="413" Column="21" TopLine="409"/>
      </Position28>
      <Position29>
        <Filename Value="mainwin.pas"/>
        <Caret Line="303" Column="3" TopLine="361"/>
      </Position29>
      <Position30>
        <Filename Value="mainwin.pas"/>
        <Caret Line="883" Column="84" TopLine="883"/>
      </Position30>
    </JumpHistory>
  </ProjectOptions>
  <CompilerOptions>
    <Version Value="11"/>
    <Target>
      <Filename Value="../bin/$(TargetCPU)/$(TargetOS)/bewerbungen"/>
    </Target>
    <SearchPaths>
      <IncludeFiles Value="$(ProjOutDir)"/>
      <UnitOutputDirectory Value="lib/$(TargetCPU)-$(TargetOS)"/>
    </SearchPaths>
    <CodeGeneration>
      <SmartLinkUnit Value="True"/>
      <Checks>
        <IOChecks Value="True"/>
        <RangeChecks Value="True"/>
        <OverflowChecks Value="True"/>
        <StackChecks Value="True"/>
      </Checks>
      <SmallerCode Value="True"/>
      <Optimizations>
        <VariablesInRegisters Value="True"/>
        <UncertainOptimizations Value="True"/>
        <OptimizationLevel Value="3"/>
      </Optimizations>
    </CodeGeneration>
    <Linking>
      <Debugging>
        <GenerateDebugInfo Value="False"/>
        <StripSymbols Value="True"/>
        <UseExternalDbgSyms Value="True"/>
      </Debugging>
      <LinkSmart Value="True"/>
      <Options>
        <Win32>
          <GraphicApplication Value="True"/>
        </Win32>
      </Options>
    </Linking>
    <Other>
      <CompilerMessages>
        <UseMsgFile Value="True"/>
        <MsgFileName Value="/usr/lib/fpc/2.4.2/msg/errord.msg"/>
      </CompilerMessages>
      <CompilerPath Value="$(CompPath)"/>
    </Other>
  </CompilerOptions>
  <Debugging>
    <BreakPoints Count="1">
      <Item1>
        <Kind Value="bpkSource"/>
        <WatchScope Value="wpsGlobal"/>
        <WatchKind Value="wpkWrite"/>
        <Source Value="mainwin.pas"/>
        <Line Value="940"/>
      </Item1>
    </BreakPoints>
    <Exceptions Count="3">
      <Item1>
        <Name Value="EAbort"/>
      </Item1>
      <Item2>
        <Name Value="ECodetoolError"/>
      </Item2>
      <Item3>
        <Name Value="EFOpenError"/>
      </Item3>
    </Exceptions>
  </Debugging>
</CONFIG>
